{
  "name": "@weborigami/pondlife-js",
  "version": "0.0.1",
  "lockfileVersion": 3,
  "requires": true,
  "packages": {
    "": {
      "name": "@weborigami/pondlife-js",
      "version": "0.0.1",
      "license": "MIT",
      "dependencies": {
        "@weborigami/async-tree": "0.2.11",
        "@weborigami/json-feed-to-rss": "1.0.0",
        "marked": "15.0.7"
      }
    },
    "node_modules/@weborigami/async-tree": {
      "version": "0.2.11",
      "resolved": "https://registry.npmjs.org/@weborigami/async-tree/-/async-tree-0.2.11.tgz",
      "integrity": "sha512-+FwTwDSsat5LpGvoJFqJF8/hh850xE20SF0eog8Dq3eFb5q5iHEBgxhTg782EZfKtYnBqWOfKr5LIuN89VpcAQ==",
      "dependencies": {
        "@weborigami/types": "0.2.11"
      }
    },
    "node_modules/@weborigami/json-feed-to-rss": {
      "version": "1.0.0",
      "resolved": "https://registry.npmjs.org/@weborigami/json-feed-to-rss/-/json-feed-to-rss-1.0.0.tgz",
      "integrity": "sha512-PcHME0TAMUFUe6xvo6Y5PUv38X5j3KSFKk3tOXd59R3tezJiEe7bOj7GC1Fm3dTQkKfsMyvZC0Cwtu9KRrjL0w=="
    },
    "node_modules/@weborigami/types": {
      "version": "0.2.11",
      "resolved": "https://registry.npmjs.org/@weborigami/types/-/types-0.2.11.tgz",
      "integrity": "sha512-0FOMN5a9kDMDzOeDNswtzY+d4djCZvPAOvaHoCS7fY23L0BRp6Ppg+g5+0qGUHfylohTmpgAvVZ4F+5GNbseqQ=="
    },
    "node_modules/marked": {
      "version": "15.0.7",
      "resolved": "https://registry.npmjs.org/marked/-/marked-15.0.7.tgz",
      "integrity": "sha512-dgLIeKGLx5FwziAnsk4ONoGwHwGPJzselimvlVskE9XLN4Orv9u2VA3GWw/lYUqjfA0rUT/6fqKwfZJapP9BEg==",
      "license": "MIT",
      "bin": {
        "marked": "bin/marked.js"
      },
      "engines": {
        "node": ">= 18"
      }
    }
  }
}
