{
  "name": "@weborigami/pondlife-async-tree",
  "version": "0.0.1",
  "lockfileVersion": 3,
  "requires": true,
  "packages": {
    "": {
      "name": "@weborigami/pondlife-async-tree",
      "version": "0.0.1",
      "license": "MIT",
      "dependencies": {
        "@weborigami/async-tree": "0.5.5",
        "@weborigami/json-feed-to-rss": "1.0.0",
        "marked": "15.0.7"
      }
    },
    "node_modules/@weborigami/async-tree": {
      "version": "0.5.5",
      "resolved": "https://registry.npmjs.org/@weborigami/async-tree/-/async-tree-0.5.5.tgz",
      "integrity": "sha512-mfVVm/QMJSFboh/lzxcKbu7hB8TZHmuAn1qHwy0MW/NEYFpA14xoT0ISnJKtKQhSpLFcXzH3pSIla3nvtdP/Qg==",
      "dependencies": {
        "@weborigami/types": "0.5.5"
      }
    },
    "node_modules/@weborigami/json-feed-to-rss": {
      "version": "1.0.0",
      "resolved": "https://registry.npmjs.org/@weborigami/json-feed-to-rss/-/json-feed-to-rss-1.0.0.tgz",
      "integrity": "sha512-PcHME0TAMUFUe6xvo6Y5PUv38X5j3KSFKk3tOXd59R3tezJiEe7bOj7GC1Fm3dTQkKfsMyvZC0Cwtu9KRrjL0w=="
    },
    "node_modules/@weborigami/types": {
      "version": "0.5.5",
      "resolved": "https://registry.npmjs.org/@weborigami/types/-/types-0.5.5.tgz",
      "integrity": "sha512-YHH7pr7DbhFE0SKUsPXp1ulVeSmCjW2KCqpQOvi8ow5L9RO9ddlAyCnKYcBjEOaUyGZOIkSRufOLnTiQu3MV1Q=="
    },
    "node_modules/marked": {
      "version": "15.0.7",
      "resolved": "https://registry.npmjs.org/marked/-/marked-15.0.7.tgz",
      "integrity": "sha512-dgLIeKGLx5FwziAnsk4ONoGwHwGPJzselimvlVskE9XLN4Orv9u2VA3GWw/lYUqjfA0rUT/6fqKwfZJapP9BEg==",
      "license": "MIT",
      "bin": {
        "marked": "bin/marked.js"
      },
      "engines": {
        "node": ">= 18"
      }
    }
  }
}
